// !$*UTF8*$!
{
	archiveVersion = 1;
	classes = {
	};
	objectVersion = 52;
	objects = {

/* Begin PBXBuildFile section */
		6670B27B23E86272003E383F /* Alamofire in Frameworks */ = {isa = PBXBuildFile; productRef = 6670B27A23E86272003E383F /* Alamofire */; };
		6670B27E23E8658F003E383F /* KingfisherSwiftUI in Frameworks */ = {isa = PBXBuildFile; productRef = 6670B27D23E8658F003E383F /* KingfisherSwiftUI */; };
		6670B28023E86BB1003E383F /* FeedSimpleModel.swift in Sources */ = {isa = PBXBuildFile; fileRef = 6670B27F23E86BB1003E383F /* FeedSimpleModel.swift */; };
		6670B28223E86BC9003E383F /* FeedSimpleData.swift in Sources */ = {isa = PBXBuildFile; fileRef = 6670B28123E86BC9003E383F /* FeedSimpleData.swift */; };
		6670B28423E86C55003E383F /* FeedAuthor.swift in Sources */ = {isa = PBXBuildFile; fileRef = 6670B28323E86C55003E383F /* FeedAuthor.swift */; };
		6670B28623EED9A2003E383F /* FeedDetailView.swift in Sources */ = {isa = PBXBuildFile; fileRef = 6670B28523EED9A1003E383F /* FeedDetailView.swift */; };
		66B177DD2408A45A00BCDF31 /* AccountData.swift in Sources */ = {isa = PBXBuildFile; fileRef = 66B177DC2408A45A00BCDF31 /* AccountData.swift */; };
		66B177DF2408A4FD00BCDF31 /* Account.swift in Sources */ = {isa = PBXBuildFile; fileRef = 66B177DE2408A4FD00BCDF31 /* Account.swift */; };
		66B177E1240A56B300BCDF31 /* TNNetworkAPIRequest.swift in Sources */ = {isa = PBXBuildFile; fileRef = 66B177E0240A56B300BCDF31 /* TNNetworkAPIRequest.swift */; };
		66B177E3240A8E6400BCDF31 /* Profile.swift in Sources */ = {isa = PBXBuildFile; fileRef = 66B177E2240A8E6400BCDF31 /* Profile.swift */; };
		66B177E6240A90F700BCDF31 /* HostProfileView.swift in Sources */ = {isa = PBXBuildFile; fileRef = 66B177E5240A90F700BCDF31 /* HostProfileView.swift */; };
		66B177E8240A959E00BCDF31 /* ProfileActionRow.swift in Sources */ = {isa = PBXBuildFile; fileRef = 66B177E7240A959E00BCDF31 /* ProfileActionRow.swift */; };
		66B177EA240A95EE00BCDF31 /* ProfileActionItem.swift in Sources */ = {isa = PBXBuildFile; fileRef = 66B177E9240A95EE00BCDF31 /* ProfileActionItem.swift */; };
		66B177EF24113D5200BCDF31 /* Followers.swift in Sources */ = {isa = PBXBuildFile; fileRef = 66B177EE24113D5200BCDF31 /* Followers.swift */; };
		66E736252406C09800FCB8CC /* LoginContentView.swift in Sources */ = {isa = PBXBuildFile; fileRef = 66E736242406C09800FCB8CC /* LoginContentView.swift */; };
		66EBF0FD23D73DA1007E3202 /* AppDelegate.swift in Sources */ = {isa = PBXBuildFile; fileRef = 66EBF0FC23D73DA1007E3202 /* AppDelegate.swift */; };
		66EBF0FF23D73DA1007E3202 /* SceneDelegate.swift in Sources */ = {isa = PBXBuildFile; fileRef = 66EBF0FE23D73DA1007E3202 /* SceneDelegate.swift */; };
		66EBF10123D73DA1007E3202 /* ContentView.swift in Sources */ = {isa = PBXBuildFile; fileRef = 66EBF10023D73DA1007E3202 /* ContentView.swift */; };
		66EBF10323D73DA7007E3202 /* Assets.xcassets in Resources */ = {isa = PBXBuildFile; fileRef = 66EBF10223D73DA7007E3202 /* Assets.xcassets */; };
		66EBF10623D73DA7007E3202 /* Preview Assets.xcassets in Resources */ = {isa = PBXBuildFile; fileRef = 66EBF10523D73DA7007E3202 /* Preview Assets.xcassets */; };
		66EBF10923D73DA7007E3202 /* LaunchScreen.storyboard in Resources */ = {isa = PBXBuildFile; fileRef = 66EBF10723D73DA7007E3202 /* LaunchScreen.storyboard */; };
		66EBF11423D73DA7007E3202 /* TechNewsTests.swift in Sources */ = {isa = PBXBuildFile; fileRef = 66EBF11323D73DA7007E3202 /* TechNewsTests.swift */; };
		66FF102A23F97E8600F11397 /* HTTPResponse.swift in Sources */ = {isa = PBXBuildFile; fileRef = 66FF102923F97E8600F11397 /* HTTPResponse.swift */; };
		66FF102D23FAF17200F11397 /* SwiftUIRefresh in Frameworks */ = {isa = PBXBuildFile; productRef = 66FF102C23FAF17200F11397 /* SwiftUIRefresh */; };
		66FF103023FC36B000F11397 /* FeedSearchData.swift in Sources */ = {isa = PBXBuildFile; fileRef = 66FF102F23FC36AF00F11397 /* FeedSearchData.swift */; };
		66FF103223FC41C800F11397 /* FeedSearchResult.swift in Sources */ = {isa = PBXBuildFile; fileRef = 66FF103123FC41C800F11397 /* FeedSearchResult.swift */; };
		66FF103423FD5E9300F11397 /* SearchFeedRow.swift in Sources */ = {isa = PBXBuildFile; fileRef = 66FF103323FD5E9300F11397 /* SearchFeedRow.swift */; };
		E285397D23D8142000AFC176 /* feedsData.json in Resources */ = {isa = PBXBuildFile; fileRef = E285397C23D8142000AFC176 /* feedsData.json */; };
		E285398023D8175100AFC176 /* FeedContentRow.swift in Sources */ = {isa = PBXBuildFile; fileRef = E285397F23D8175100AFC176 /* FeedContentRow.swift */; };
		E285398323D822FF00AFC176 /* SearchContentView.swift in Sources */ = {isa = PBXBuildFile; fileRef = E285398223D822FF00AFC176 /* SearchContentView.swift */; };
		E285B12023D7ED6B00092814 /* HomeContentView.swift in Sources */ = {isa = PBXBuildFile; fileRef = E285B11F23D7ED6B00092814 /* HomeContentView.swift */; };
		E285B12223D7F61C00092814 /* Constants.swift in Sources */ = {isa = PBXBuildFile; fileRef = E285B12123D7F61C00092814 /* Constants.swift */; };
		E285B12423D7F67000092814 /* FollowContentView.swift in Sources */ = {isa = PBXBuildFile; fileRef = E285B12323D7F67000092814 /* FollowContentView.swift */; };
		E285B12623D7F68700092814 /* RecommendContentView.swift in Sources */ = {isa = PBXBuildFile; fileRef = E285B12523D7F68700092814 /* RecommendContentView.swift */; };
		E285B12823D7F69800092814 /* AbourtMeContentView.swift in Sources */ = {isa = PBXBuildFile; fileRef = E285B12723D7F69800092814 /* AbourtMeContentView.swift */; };
/* End PBXBuildFile section */

/* Begin PBXContainerItemProxy section */
		66EBF11023D73DA7007E3202 /* PBXContainerItemProxy */ = {
			isa = PBXContainerItemProxy;
			containerPortal = 66EBF0F123D73DA1007E3202 /* Project object */;
			proxyType = 1;
			remoteGlobalIDString = 66EBF0F823D73DA1007E3202;
			remoteInfo = TechNews;
		};
/* End PBXContainerItemProxy section */

/* Begin PBXFileReference section */
		6670B27F23E86BB1003E383F /* FeedSimpleModel.swift */ = {isa = PBXFileReference; lastKnownFileType = sourcecode.swift; path = FeedSimpleModel.swift; sourceTree = "<group>"; };
		6670B28123E86BC9003E383F /* FeedSimpleData.swift */ = {isa = PBXFileReference; lastKnownFileType = sourcecode.swift; path = FeedSimpleData.swift; sourceTree = "<group>"; };
		6670B28323E86C55003E383F /* FeedAuthor.swift */ = {isa = PBXFileReference; lastKnownFileType = sourcecode.swift; path = FeedAuthor.swift; sourceTree = "<group>"; };
		6670B28523EED9A1003E383F /* FeedDetailView.swift */ = {isa = PBXFileReference; lastKnownFileType = sourcecode.swift; path = FeedDetailView.swift; sourceTree = "<group>"; };
		66B177DC2408A45A00BCDF31 /* AccountData.swift */ = {isa = PBXFileReference; lastKnownFileType = sourcecode.swift; path = AccountData.swift; sourceTree = "<group>"; };
		66B177DE2408A4FD00BCDF31 /* Account.swift */ = {isa = PBXFileReference; lastKnownFileType = sourcecode.swift; path = Account.swift; sourceTree = "<group>"; };
		66B177E0240A56B300BCDF31 /* TNNetworkAPIRequest.swift */ = {isa = PBXFileReference; lastKnownFileType = sourcecode.swift; path = TNNetworkAPIRequest.swift; sourceTree = "<group>"; };
		66B177E2240A8E6400BCDF31 /* Profile.swift */ = {isa = PBXFileReference; lastKnownFileType = sourcecode.swift; path = Profile.swift; sourceTree = "<group>"; };
		66B177E5240A90F700BCDF31 /* HostProfileView.swift */ = {isa = PBXFileReference; lastKnownFileType = sourcecode.swift; path = HostProfileView.swift; sourceTree = "<group>"; };
		66B177E7240A959E00BCDF31 /* ProfileActionRow.swift */ = {isa = PBXFileReference; lastKnownFileType = sourcecode.swift; path = ProfileActionRow.swift; sourceTree = "<group>"; };
		66B177E9240A95EE00BCDF31 /* ProfileActionItem.swift */ = {isa = PBXFileReference; lastKnownFileType = sourcecode.swift; path = ProfileActionItem.swift; sourceTree = "<group>"; };
		66B177EE24113D5200BCDF31 /* Followers.swift */ = {isa = PBXFileReference; lastKnownFileType = sourcecode.swift; path = Followers.swift; sourceTree = "<group>"; };
		66E736242406C09800FCB8CC /* LoginContentView.swift */ = {isa = PBXFileReference; lastKnownFileType = sourcecode.swift; path = LoginContentView.swift; sourceTree = "<group>"; };
		66EBF0F923D73DA1007E3202 /* TechNews.app */ = {isa = PBXFileReference; explicitFileType = wrapper.application; includeInIndex = 0; path = TechNews.app; sourceTree = BUILT_PRODUCTS_DIR; };
		66EBF0FC23D73DA1007E3202 /* AppDelegate.swift */ = {isa = PBXFileReference; lastKnownFileType = sourcecode.swift; path = AppDelegate.swift; sourceTree = "<group>"; };
		66EBF0FE23D73DA1007E3202 /* SceneDelegate.swift */ = {isa = PBXFileReference; lastKnownFileType = sourcecode.swift; path = SceneDelegate.swift; sourceTree = "<group>"; };
		66EBF10023D73DA1007E3202 /* ContentView.swift */ = {isa = PBXFileReference; lastKnownFileType = sourcecode.swift; path = ContentView.swift; sourceTree = "<group>"; };
		66EBF10223D73DA7007E3202 /* Assets.xcassets */ = {isa = PBXFileReference; lastKnownFileType = folder.assetcatalog; path = Assets.xcassets; sourceTree = "<group>"; };
		66EBF10523D73DA7007E3202 /* Preview Assets.xcassets */ = {isa = PBXFileReference; lastKnownFileType = folder.assetcatalog; path = "Preview Assets.xcassets"; sourceTree = "<group>"; };
		66EBF10823D73DA7007E3202 /* Base */ = {isa = PBXFileReference; lastKnownFileType = file.storyboard; name = Base; path = Base.lproj/LaunchScreen.storyboard; sourceTree = "<group>"; };
		66EBF10A23D73DA7007E3202 /* Info.plist */ = {isa = PBXFileReference; lastKnownFileType = text.plist.xml; path = Info.plist; sourceTree = "<group>"; };
		66EBF10F23D73DA7007E3202 /* TechNewsTests.xctest */ = {isa = PBXFileReference; explicitFileType = wrapper.cfbundle; includeInIndex = 0; path = TechNewsTests.xctest; sourceTree = BUILT_PRODUCTS_DIR; };
		66EBF11323D73DA7007E3202 /* TechNewsTests.swift */ = {isa = PBXFileReference; lastKnownFileType = sourcecode.swift; path = TechNewsTests.swift; sourceTree = "<group>"; };
		66EBF11523D73DA7007E3202 /* Info.plist */ = {isa = PBXFileReference; lastKnownFileType = text.plist.xml; path = Info.plist; sourceTree = "<group>"; };
		66FF102923F97E8600F11397 /* HTTPResponse.swift */ = {isa = PBXFileReference; lastKnownFileType = sourcecode.swift; path = HTTPResponse.swift; sourceTree = "<group>"; };
		66FF102F23FC36AF00F11397 /* FeedSearchData.swift */ = {isa = PBXFileReference; lastKnownFileType = sourcecode.swift; path = FeedSearchData.swift; sourceTree = "<group>"; };
		66FF103123FC41C800F11397 /* FeedSearchResult.swift */ = {isa = PBXFileReference; lastKnownFileType = sourcecode.swift; path = FeedSearchResult.swift; sourceTree = "<group>"; };
		66FF103323FD5E9300F11397 /* SearchFeedRow.swift */ = {isa = PBXFileReference; lastKnownFileType = sourcecode.swift; path = SearchFeedRow.swift; sourceTree = "<group>"; };
		E285397C23D8142000AFC176 /* feedsData.json */ = {isa = PBXFileReference; fileEncoding = 4; lastKnownFileType = text.json; path = feedsData.json; sourceTree = "<group>"; };
		E285397F23D8175100AFC176 /* FeedContentRow.swift */ = {isa = PBXFileReference; lastKnownFileType = sourcecode.swift; path = FeedContentRow.swift; sourceTree = "<group>"; };
		E285398223D822FF00AFC176 /* SearchContentView.swift */ = {isa = PBXFileReference; lastKnownFileType = sourcecode.swift; path = SearchContentView.swift; sourceTree = "<group>"; };
		E285B11F23D7ED6B00092814 /* HomeContentView.swift */ = {isa = PBXFileReference; lastKnownFileType = sourcecode.swift; path = HomeContentView.swift; sourceTree = "<group>"; };
		E285B12123D7F61C00092814 /* Constants.swift */ = {isa = PBXFileReference; lastKnownFileType = sourcecode.swift; path = Constants.swift; sourceTree = "<group>"; };
		E285B12323D7F67000092814 /* FollowContentView.swift */ = {isa = PBXFileReference; lastKnownFileType = sourcecode.swift; path = FollowContentView.swift; sourceTree = "<group>"; };
		E285B12523D7F68700092814 /* RecommendContentView.swift */ = {isa = PBXFileReference; lastKnownFileType = sourcecode.swift; path = RecommendContentView.swift; sourceTree = "<group>"; };
		E285B12723D7F69800092814 /* AbourtMeContentView.swift */ = {isa = PBXFileReference; lastKnownFileType = sourcecode.swift; path = AbourtMeContentView.swift; sourceTree = "<group>"; };
/* End PBXFileReference section */

/* Begin PBXFrameworksBuildPhase section */
		66EBF0F623D73DA1007E3202 /* Frameworks */ = {
			isa = PBXFrameworksBuildPhase;
			buildActionMask = 2147483647;
			files = (
				66FF102D23FAF17200F11397 /* SwiftUIRefresh in Frameworks */,
				6670B27E23E8658F003E383F /* KingfisherSwiftUI in Frameworks */,
				6670B27B23E86272003E383F /* Alamofire in Frameworks */,
			);
			runOnlyForDeploymentPostprocessing = 0;
		};
		66EBF10C23D73DA7007E3202 /* Frameworks */ = {
			isa = PBXFrameworksBuildPhase;
			buildActionMask = 2147483647;
			files = (
			);
			runOnlyForDeploymentPostprocessing = 0;
		};
/* End PBXFrameworksBuildPhase section */

/* Begin PBXGroup section */
		66B177E4240A90D000BCDF31 /* Views */ = {
			isa = PBXGroup;
			children = (
				66B177E5240A90F700BCDF31 /* HostProfileView.swift */,
				66B177E7240A959E00BCDF31 /* ProfileActionRow.swift */,
			);
			path = Views;
			sourceTree = "<group>";
		};
		66B177ED24113D1F00BCDF31 /* ViewModel */ = {
			isa = PBXGroup;
			children = (
				6670B28123E86BC9003E383F /* FeedSimpleData.swift */,
			);
			path = ViewModel;
			sourceTree = "<group>";
		};
		66E7362624089EEC00FCB8CC /* Models */ = {
			isa = PBXGroup;
			children = (
				66B177DC2408A45A00BCDF31 /* AccountData.swift */,
				66B177DE2408A4FD00BCDF31 /* Account.swift */,
				66B177E2240A8E6400BCDF31 /* Profile.swift */,
				66B177E9240A95EE00BCDF31 /* ProfileActionItem.swift */,
			);
			path = Models;
			sourceTree = "<group>";
		};
		66EBF0F023D73DA1007E3202 = {
			isa = PBXGroup;
			children = (
				E285397A23D8140900AFC176 /* Resources */,
				66EBF0FB23D73DA1007E3202 /* TechNews */,
				66EBF0FA23D73DA1007E3202 /* Products */,
				66EBF11223D73DA7007E3202 /* TechNewsTests */,
			);
			sourceTree = "<group>";
		};
		66EBF0FA23D73DA1007E3202 /* Products */ = {
			isa = PBXGroup;
			children = (
				66EBF0F923D73DA1007E3202 /* TechNews.app */,
				66EBF10F23D73DA7007E3202 /* TechNewsTests.xctest */,
			);
			name = Products;
			sourceTree = "<group>";
		};
		66EBF0FB23D73DA1007E3202 /* TechNews */ = {
			isa = PBXGroup;
			children = (
				66EBF0FC23D73DA1007E3202 /* AppDelegate.swift */,
				66EBF0FE23D73DA1007E3202 /* SceneDelegate.swift */,
				66EBF10023D73DA1007E3202 /* ContentView.swift */,
				E285B12123D7F61C00092814 /* Constants.swift */,
				E285B11723D7E1D500092814 /* Home */,
				E285B11A23D7E22D00092814 /* Me */,
				E285B11923D7E1EE00092814 /* Recommend */,
				E285B11823D7E1E600092814 /* Follow */,
				E285398123D822BB00AFC176 /* Search */,
				66FF102423F97E2000F11397 /* Foundation */,
				66EBF10223D73DA7007E3202 /* Assets.xcassets */,
				66EBF10723D73DA7007E3202 /* LaunchScreen.storyboard */,
				66EBF10A23D73DA7007E3202 /* Info.plist */,
				66EBF10423D73DA7007E3202 /* Preview Content */,
			);
			path = TechNews;
			sourceTree = "<group>";
		};
		66EBF10423D73DA7007E3202 /* Preview Content */ = {
			isa = PBXGroup;
			children = (
				66EBF10523D73DA7007E3202 /* Preview Assets.xcassets */,
			);
			path = "Preview Content";
			sourceTree = "<group>";
		};
		66EBF11223D73DA7007E3202 /* TechNewsTests */ = {
			isa = PBXGroup;
			children = (
				66EBF11323D73DA7007E3202 /* TechNewsTests.swift */,
				66EBF11523D73DA7007E3202 /* Info.plist */,
			);
			path = TechNewsTests;
			sourceTree = "<group>";
		};
		66FF102423F97E2000F11397 /* Foundation */ = {
			isa = PBXGroup;
			children = (
				66FF102523F97E2F00F11397 /* Network */,
			);
			path = Foundation;
			sourceTree = "<group>";
		};
		66FF102523F97E2F00F11397 /* Network */ = {
			isa = PBXGroup;
			children = (
				66B177E0240A56B300BCDF31 /* TNNetworkAPIRequest.swift */,
				66FF102623F97E3C00F11397 /* Models */,
			);
			path = Network;
			sourceTree = "<group>";
		};
		66FF102623F97E3C00F11397 /* Models */ = {
			isa = PBXGroup;
			children = (
				66FF102923F97E8600F11397 /* HTTPResponse.swift */,
			);
			path = Models;
			sourceTree = "<group>";
		};
		66FF102E23FC369800F11397 /* Models */ = {
			isa = PBXGroup;
			children = (
				66FF102F23FC36AF00F11397 /* FeedSearchData.swift */,
				66FF103123FC41C800F11397 /* FeedSearchResult.swift */,
			);
			path = Models;
			sourceTree = "<group>";
		};
		66FF103523FD5EAA00F11397 /* Views */ = {
			isa = PBXGroup;
			children = (
				66FF103323FD5E9300F11397 /* SearchFeedRow.swift */,
			);
			path = Views;
			sourceTree = "<group>";
		};
		E285397523D812E700AFC176 /* Models */ = {
			isa = PBXGroup;
			children = (
				6670B27F23E86BB1003E383F /* FeedSimpleModel.swift */,
				6670B28323E86C55003E383F /* FeedAuthor.swift */,
				66B177EE24113D5200BCDF31 /* Followers.swift */,
			);
			path = Models;
			sourceTree = "<group>";
		};
		E285397A23D8140900AFC176 /* Resources */ = {
			isa = PBXGroup;
			children = (
				E285397B23D8140F00AFC176 /* JSON */,
			);
			path = Resources;
			sourceTree = "<group>";
		};
		E285397B23D8140F00AFC176 /* JSON */ = {
			isa = PBXGroup;
			children = (
				E285397C23D8142000AFC176 /* feedsData.json */,
			);
			path = JSON;
			sourceTree = "<group>";
		};
		E285397E23D8173D00AFC176 /* Views */ = {
			isa = PBXGroup;
			children = (
				E285B11F23D7ED6B00092814 /* HomeContentView.swift */,
				6670B28523EED9A1003E383F /* FeedDetailView.swift */,
				E285397F23D8175100AFC176 /* FeedContentRow.swift */,
			);
			path = Views;
			sourceTree = "<group>";
		};
		E285398123D822BB00AFC176 /* Search */ = {
			isa = PBXGroup;
			children = (
				66FF103523FD5EAA00F11397 /* Views */,
				66FF102E23FC369800F11397 /* Models */,
				E285398223D822FF00AFC176 /* SearchContentView.swift */,
			);
			path = Search;
			sourceTree = "<group>";
		};
		E285B11723D7E1D500092814 /* Home */ = {
			isa = PBXGroup;
			children = (
				66B177ED24113D1F00BCDF31 /* ViewModel */,
				E285397E23D8173D00AFC176 /* Views */,
				E285397523D812E700AFC176 /* Models */,
			);
			path = Home;
			sourceTree = "<group>";
		};
		E285B11823D7E1E600092814 /* Follow */ = {
			isa = PBXGroup;
			children = (
				E285B12323D7F67000092814 /* FollowContentView.swift */,
			);
			path = Follow;
			sourceTree = "<group>";
		};
		E285B11923D7E1EE00092814 /* Recommend */ = {
			isa = PBXGroup;
			children = (
				E285B12523D7F68700092814 /* RecommendContentView.swift */,
			);
			path = Recommend;
			sourceTree = "<group>";
		};
		E285B11A23D7E22D00092814 /* Me */ = {
			isa = PBXGroup;
			children = (
				66B177E4240A90D000BCDF31 /* Views */,
				66E7362624089EEC00FCB8CC /* Models */,
				E285B12723D7F69800092814 /* AbourtMeContentView.swift */,
				66E736242406C09800FCB8CC /* LoginContentView.swift */,
			);
			path = Me;
			sourceTree = "<group>";
		};
/* End PBXGroup section */

/* Begin PBXNativeTarget section */
		66EBF0F823D73DA1007E3202 /* TechNews */ = {
			isa = PBXNativeTarget;
			buildConfigurationList = 66EBF11823D73DA7007E3202 /* Build configuration list for PBXNativeTarget "TechNews" */;
			buildPhases = (
				66EBF0F523D73DA1007E3202 /* Sources */,
				66EBF0F623D73DA1007E3202 /* Frameworks */,
				66EBF0F723D73DA1007E3202 /* Resources */,
			);
			buildRules = (
			);
			dependencies = (
			);
			name = TechNews;
			packageProductDependencies = (
				6670B27A23E86272003E383F /* Alamofire */,
				6670B27D23E8658F003E383F /* KingfisherSwiftUI */,
				66FF102C23FAF17200F11397 /* SwiftUIRefresh */,
			);
			productName = TechNews;
			productReference = 66EBF0F923D73DA1007E3202 /* TechNews.app */;
			productType = "com.apple.product-type.application";
		};
		66EBF10E23D73DA7007E3202 /* TechNewsTests */ = {
			isa = PBXNativeTarget;
			buildConfigurationList = 66EBF11B23D73DA7007E3202 /* Build configuration list for PBXNativeTarget "TechNewsTests" */;
			buildPhases = (
				66EBF10B23D73DA7007E3202 /* Sources */,
				66EBF10C23D73DA7007E3202 /* Frameworks */,
				66EBF10D23D73DA7007E3202 /* Resources */,
			);
			buildRules = (
			);
			dependencies = (
				66EBF11123D73DA7007E3202 /* PBXTargetDependency */,
			);
			name = TechNewsTests;
			productName = TechNewsTests;
			productReference = 66EBF10F23D73DA7007E3202 /* TechNewsTests.xctest */;
			productType = "com.apple.product-type.bundle.unit-test";
		};
/* End PBXNativeTarget section */

/* Begin PBXProject section */
		66EBF0F123D73DA1007E3202 /* Project object */ = {
			isa = PBXProject;
			attributes = {
				LastSwiftUpdateCheck = 1130;
				LastUpgradeCheck = 1130;
				ORGANIZATIONNAME = com.corp.jinxing;
				TargetAttributes = {
					66EBF0F823D73DA1007E3202 = {
						CreatedOnToolsVersion = 11.3;
					};
					66EBF10E23D73DA7007E3202 = {
						CreatedOnToolsVersion = 11.3;
						TestTargetID = 66EBF0F823D73DA1007E3202;
					};
				};
			};
			buildConfigurationList = 66EBF0F423D73DA1007E3202 /* Build configuration list for PBXProject "TechNews" */;
			compatibilityVersion = "Xcode 9.3";
			developmentRegion = en;
			hasScannedForEncodings = 0;
			knownRegions = (
				en,
				Base,
			);
			mainGroup = 66EBF0F023D73DA1007E3202;
			packageReferences = (
				6670B27923E86272003E383F /* XCRemoteSwiftPackageReference "Alamofire" */,
				6670B27C23E8658E003E383F /* XCRemoteSwiftPackageReference "Kingfisher" */,
				66FF102B23FAF17200F11397 /* XCRemoteSwiftPackageReference "SwiftUIRefresh" */,
			);
			productRefGroup = 66EBF0FA23D73DA1007E3202 /* Products */;
			projectDirPath = "";
			projectRoot = "";
			targets = (
				66EBF0F823D73DA1007E3202 /* TechNews */,
				66EBF10E23D73DA7007E3202 /* TechNewsTests */,
			);
		};
/* End PBXProject section */

/* Begin PBXResourcesBuildPhase section */
		66EBF0F723D73DA1007E3202 /* Resources */ = {
			isa = PBXResourcesBuildPhase;
			buildActionMask = 2147483647;
			files = (
				66EBF10923D73DA7007E3202 /* LaunchScreen.storyboard in Resources */,
				E285397D23D8142000AFC176 /* feedsData.json in Resources */,
				66EBF10623D73DA7007E3202 /* Preview Assets.xcassets in Resources */,
				66EBF10323D73DA7007E3202 /* Assets.xcassets in Resources */,
			);
			runOnlyForDeploymentPostprocessing = 0;
		};
		66EBF10D23D73DA7007E3202 /* Resources */ = {
			isa = PBXResourcesBuildPhase;
			buildActionMask = 2147483647;
			files = (
			);
			runOnlyForDeploymentPostprocessing = 0;
		};
/* End PBXResourcesBuildPhase section */

/* Begin PBXSourcesBuildPhase section */
		66EBF0F523D73DA1007E3202 /* Sources */ = {
			isa = PBXSourcesBuildPhase;
			buildActionMask = 2147483647;
			files = (
				6670B28023E86BB1003E383F /* FeedSimpleModel.swift in Sources */,
				6670B28623EED9A2003E383F /* FeedDetailView.swift in Sources */,
				66E736252406C09800FCB8CC /* LoginContentView.swift in Sources */,
				6670B28223E86BC9003E383F /* FeedSimpleData.swift in Sources */,
				66B177EF24113D5200BCDF31 /* Followers.swift in Sources */,
				E285398023D8175100AFC176 /* FeedContentRow.swift in Sources */,
				66FF103223FC41C800F11397 /* FeedSearchResult.swift in Sources */,
				E285B12823D7F69800092814 /* AbourtMeContentView.swift in Sources */,
				66EBF0FD23D73DA1007E3202 /* AppDelegate.swift in Sources */,
				E285B12423D7F67000092814 /* FollowContentView.swift in Sources */,
				E285B12023D7ED6B00092814 /* HomeContentView.swift in Sources */,
				66FF103023FC36B000F11397 /* FeedSearchData.swift in Sources */,
				E285398323D822FF00AFC176 /* SearchContentView.swift in Sources */,
				66B177DF2408A4FD00BCDF31 /* Account.swift in Sources */,
				E285B12223D7F61C00092814 /* Constants.swift in Sources */,
				66B177E8240A959E00BCDF31 /* ProfileActionRow.swift in Sources */,
				66B177EA240A95EE00BCDF31 /* ProfileActionItem.swift in Sources */,
				E285B12623D7F68700092814 /* RecommendContentView.swift in Sources */,
				66B177E6240A90F700BCDF31 /* HostProfileView.swift in Sources */,
				66B177E3240A8E6400BCDF31 /* Profile.swift in Sources */,
				66EBF0FF23D73DA1007E3202 /* SceneDelegate.swift in Sources */,
				6670B28423E86C55003E383F /* FeedAuthor.swift in Sources */,
				66FF103423FD5E9300F11397 /* SearchFeedRow.swift in Sources */,
				66EBF10123D73DA1007E3202 /* ContentView.swift in Sources */,
				66FF102A23F97E8600F11397 /* HTTPResponse.swift in Sources */,
				66B177E1240A56B300BCDF31 /* TNNetworkAPIRequest.swift in Sources */,
				66B177DD2408A45A00BCDF31 /* AccountData.swift in Sources */,
			);
			runOnlyForDeploymentPostprocessing = 0;
		};
		66EBF10B23D73DA7007E3202 /* Sources */ = {
			isa = PBXSourcesBuildPhase;
			buildActionMask = 2147483647;
			files = (
				66EBF11423D73DA7007E3202 /* TechNewsTests.swift in Sources */,
			);
			runOnlyForDeploymentPostprocessing = 0;
		};
/* End PBXSourcesBuildPhase section */

/* Begin PBXTargetDependency section */
		66EBF11123D73DA7007E3202 /* PBXTargetDependency */ = {
			isa = PBXTargetDependency;
			target = 66EBF0F823D73DA1007E3202 /* TechNews */;
			targetProxy = 66EBF11023D73DA7007E3202 /* PBXContainerItemProxy */;
		};
/* End PBXTargetDependency section */

/* Begin PBXVariantGroup section */
		66EBF10723D73DA7007E3202 /* LaunchScreen.storyboard */ = {
			isa = PBXVariantGroup;
			children = (
				66EBF10823D73DA7007E3202 /* Base */,
			);
			name = LaunchScreen.storyboard;
			sourceTree = "<group>";
		};
/* End PBXVariantGroup section */

/* Begin XCBuildConfiguration section */
		66EBF11623D73DA7007E3202 /* Debug */ = {
			isa = XCBuildConfiguration;
			buildSettings = {
				ALWAYS_SEARCH_USER_PATHS = NO;
				CLANG_ANALYZER_NONNULL = YES;
				CLANG_ANALYZER_NUMBER_OBJECT_CONVERSION = YES_AGGRESSIVE;
				CLANG_CXX_LANGUAGE_STANDARD = "gnu++14";
				CLANG_CXX_LIBRARY = "libc++";
				CLANG_ENABLE_MODULES = YES;
				CLANG_ENABLE_OBJC_ARC = YES;
				CLANG_ENABLE_OBJC_WEAK = YES;
				CLANG_WARN_BLOCK_CAPTURE_AUTORELEASING = YES;
				CLANG_WARN_BOOL_CONVERSION = YES;
				CLANG_WARN_COMMA = YES;
				CLANG_WARN_CONSTANT_CONVERSION = YES;
				CLANG_WARN_DEPRECATED_OBJC_IMPLEMENTATIONS = YES;
				CLANG_WARN_DIRECT_OBJC_ISA_USAGE = YES_ERROR;
				CLANG_WARN_DOCUMENTATION_COMMENTS = YES;
				CLANG_WARN_EMPTY_BODY = YES;
				CLANG_WARN_ENUM_CONVERSION = YES;
				CLANG_WARN_INFINITE_RECURSION = YES;
				CLANG_WARN_INT_CONVERSION = YES;
				CLANG_WARN_NON_LITERAL_NULL_CONVERSION = YES;
				CLANG_WARN_OBJC_IMPLICIT_RETAIN_SELF = YES;
				CLANG_WARN_OBJC_LITERAL_CONVERSION = YES;
				CLANG_WARN_OBJC_ROOT_CLASS = YES_ERROR;
				CLANG_WARN_RANGE_LOOP_ANALYSIS = YES;
				CLANG_WARN_STRICT_PROTOTYPES = YES;
				CLANG_WARN_SUSPICIOUS_MOVE = YES;
				CLANG_WARN_UNGUARDED_AVAILABILITY = YES_AGGRESSIVE;
				CLANG_WARN_UNREACHABLE_CODE = YES;
				CLANG_WARN__DUPLICATE_METHOD_MATCH = YES;
				COPY_PHASE_STRIP = NO;
				DEBUG_INFORMATION_FORMAT = dwarf;
				ENABLE_STRICT_OBJC_MSGSEND = YES;
				ENABLE_TESTABILITY = YES;
				GCC_C_LANGUAGE_STANDARD = gnu11;
				GCC_DYNAMIC_NO_PIC = NO;
				GCC_NO_COMMON_BLOCKS = YES;
				GCC_OPTIMIZATION_LEVEL = 0;
				GCC_PREPROCESSOR_DEFINITIONS = (
					"DEBUG=1",
					"$(inherited)",
				);
				GCC_WARN_64_TO_32_BIT_CONVERSION = YES;
				GCC_WARN_ABOUT_RETURN_TYPE = YES_ERROR;
				GCC_WARN_UNDECLARED_SELECTOR = YES;
				GCC_WARN_UNINITIALIZED_AUTOS = YES_AGGRESSIVE;
				GCC_WARN_UNUSED_FUNCTION = YES;
				GCC_WARN_UNUSED_VARIABLE = YES;
				IPHONEOS_DEPLOYMENT_TARGET = 13.2;
				MTL_ENABLE_DEBUG_INFO = INCLUDE_SOURCE;
				MTL_FAST_MATH = YES;
				ONLY_ACTIVE_ARCH = YES;
				SDKROOT = iphoneos;
				SWIFT_ACTIVE_COMPILATION_CONDITIONS = DEBUG;
				SWIFT_OPTIMIZATION_LEVEL = "-Onone";
			};
			name = Debug;
		};
		66EBF11723D73DA7007E3202 /* Release */ = {
			isa = XCBuildConfiguration;
			buildSettings = {
				ALWAYS_SEARCH_USER_PATHS = NO;
				CLANG_ANALYZER_NONNULL = YES;
				CLANG_ANALYZER_NUMBER_OBJECT_CONVERSION = YES_AGGRESSIVE;
				CLANG_CXX_LANGUAGE_STANDARD = "gnu++14";
				CLANG_CXX_LIBRARY = "libc++";
				CLANG_ENABLE_MODULES = YES;
				CLANG_ENABLE_OBJC_ARC = YES;
				CLANG_ENABLE_OBJC_WEAK = YES;
				CLANG_WARN_BLOCK_CAPTURE_AUTORELEASING = YES;
				CLANG_WARN_BOOL_CONVERSION = YES;
				CLANG_WARN_COMMA = YES;
				CLANG_WARN_CONSTANT_CONVERSION = YES;
				CLANG_WARN_DEPRECATED_OBJC_IMPLEMENTATIONS = YES;
				CLANG_WARN_DIRECT_OBJC_ISA_USAGE = YES_ERROR;
				CLANG_WARN_DOCUMENTATION_COMMENTS = YES;
				CLANG_WARN_EMPTY_BODY = YES;
				CLANG_WARN_ENUM_CONVERSION = YES;
				CLANG_WARN_INFINITE_RECURSION = YES;
				CLANG_WARN_INT_CONVERSION = YES;
				CLANG_WARN_NON_LITERAL_NULL_CONVERSION = YES;
				CLANG_WARN_OBJC_IMPLICIT_RETAIN_SELF = YES;
				CLANG_WARN_OBJC_LITERAL_CONVERSION = YES;
				CLANG_WARN_OBJC_ROOT_CLASS = YES_ERROR;
				CLANG_WARN_RANGE_LOOP_ANALYSIS = YES;
				CLANG_WARN_STRICT_PROTOTYPES = YES;
				CLANG_WARN_SUSPICIOUS_MOVE = YES;
				CLANG_WARN_UNGUARDED_AVAILABILITY = YES_AGGRESSIVE;
				CLANG_WARN_UNREACHABLE_CODE = YES;
				CLANG_WARN__DUPLICATE_METHOD_MATCH = YES;
				COPY_PHASE_STRIP = NO;
				DEBUG_INFORMATION_FORMAT = "dwarf-with-dsym";
				ENABLE_NS_ASSERTIONS = NO;
				ENABLE_STRICT_OBJC_MSGSEND = YES;
				GCC_C_LANGUAGE_STANDARD = gnu11;
				GCC_NO_COMMON_BLOCKS = YES;
				GCC_WARN_64_TO_32_BIT_CONVERSION = YES;
				GCC_WARN_ABOUT_RETURN_TYPE = YES_ERROR;
				GCC_WARN_UNDECLARED_SELECTOR = YES;
				GCC_WARN_UNINITIALIZED_AUTOS = YES_AGGRESSIVE;
				GCC_WARN_UNUSED_FUNCTION = YES;
				GCC_WARN_UNUSED_VARIABLE = YES;
				IPHONEOS_DEPLOYMENT_TARGET = 13.2;
				MTL_ENABLE_DEBUG_INFO = NO;
				MTL_FAST_MATH = YES;
				SDKROOT = iphoneos;
				SWIFT_COMPILATION_MODE = wholemodule;
				SWIFT_OPTIMIZATION_LEVEL = "-O";
				VALIDATE_PRODUCT = YES;
			};
			name = Release;
		};
		66EBF11923D73DA7007E3202 /* Debug */ = {
			isa = XCBuildConfiguration;
			buildSettings = {
				ASSETCATALOG_COMPILER_APPICON_NAME = AppIcon;
				CODE_SIGN_STYLE = Automatic;
				DEVELOPMENT_ASSET_PATHS = "\"TechNews/Preview Content\"";
				DEVELOPMENT_TEAM = ZLCU9QXL39;
				ENABLE_PREVIEWS = YES;
				INFOPLIST_FILE = TechNews/Info.plist;
				LD_RUNPATH_SEARCH_PATHS = (
					"$(inherited)",
					"@executable_path/Frameworks",
				);
				PRODUCT_BUNDLE_IDENTIFIER = com.corp.jinxing.TechNews;
				PRODUCT_NAME = "$(TARGET_NAME)";
				SWIFT_VERSION = 5.0;
				TARGETED_DEVICE_FAMILY = "1,2";
			};
			name = Debug;
		};
		66EBF11A23D73DA7007E3202 /* Release */ = {
			isa = XCBuildConfiguration;
			buildSettings = {
				ASSETCATALOG_COMPILER_APPICON_NAME = AppIcon;
				CODE_SIGN_STYLE = Automatic;
				DEVELOPMENT_ASSET_PATHS = "\"TechNews/Preview Content\"";
				DEVELOPMENT_TEAM = ZLCU9QXL39;
				ENABLE_PREVIEWS = YES;
				INFOPLIST_FILE = TechNews/Info.plist;
				LD_RUNPATH_SEARCH_PATHS = (
					"$(inherited)",
					"@executable_path/Frameworks",
				);
				PRODUCT_BUNDLE_IDENTIFIER = com.corp.jinxing.TechNews;
				PRODUCT_NAME = "$(TARGET_NAME)";
				SWIFT_VERSION = 5.0;
				TARGETED_DEVICE_FAMILY = "1,2";
			};
			name = Release;
		};
		66EBF11C23D73DA7007E3202 /* Debug */ = {
			isa = XCBuildConfiguration;
			buildSettings = {
				ALWAYS_EMBED_SWIFT_STANDARD_LIBRARIES = YES;
				BUNDLE_LOADER = "$(TEST_HOST)";
				CODE_SIGN_STYLE = Automatic;
				DEVELOPMENT_TEAM = ZLCU9QXL39;
				INFOPLIST_FILE = TechNewsTests/Info.plist;
				IPHONEOS_DEPLOYMENT_TARGET = 13.2;
				LD_RUNPATH_SEARCH_PATHS = (
					"$(inherited)",
					"@executable_path/Frameworks",
					"@loader_path/Frameworks",
				);
				PRODUCT_BUNDLE_IDENTIFIER = com.corp.jinxing.TechNewsTests;
				PRODUCT_NAME = "$(TARGET_NAME)";
				SWIFT_VERSION = 5.0;
				TARGETED_DEVICE_FAMILY = "1,2";
				TEST_HOST = "$(BUILT_PRODUCTS_DIR)/TechNews.app/TechNews";
			};
			name = Debug;
		};
		66EBF11D23D73DA7007E3202 /* Release */ = {
			isa = XCBuildConfiguration;
			buildSettings = {
				ALWAYS_EMBED_SWIFT_STANDARD_LIBRARIES = YES;
				BUNDLE_LOADER = "$(TEST_HOST)";
				CODE_SIGN_STYLE = Automatic;
				DEVELOPMENT_TEAM = ZLCU9QXL39;
				INFOPLIST_FILE = TechNewsTests/Info.plist;
				IPHONEOS_DEPLOYMENT_TARGET = 13.2;
				LD_RUNPATH_SEARCH_PATHS = (
					"$(inherited)",
					"@executable_path/Frameworks",
					"@loader_path/Frameworks",
				);
				PRODUCT_BUNDLE_IDENTIFIER = com.corp.jinxing.TechNewsTests;
				PRODUCT_NAME = "$(TARGET_NAME)";
				SWIFT_VERSION = 5.0;
				TARGETED_DEVICE_FAMILY = "1,2";
				TEST_HOST = "$(BUILT_PRODUCTS_DIR)/TechNews.app/TechNews";
			};
			name = Release;
		};
/* End XCBuildConfiguration section */

/* Begin XCConfigurationList section */
		66EBF0F423D73DA1007E3202 /* Build configuration list for PBXProject "TechNews" */ = {
			isa = XCConfigurationList;
			buildConfigurations = (
				66EBF11623D73DA7007E3202 /* Debug */,
				66EBF11723D73DA7007E3202 /* Release */,
			);
			defaultConfigurationIsVisible = 0;
			defaultConfigurationName = Release;
		};
		66EBF11823D73DA7007E3202 /* Build configuration list for PBXNativeTarget "TechNews" */ = {
			isa = XCConfigurationList;
			buildConfigurations = (
				66EBF11923D73DA7007E3202 /* Debug */,
				66EBF11A23D73DA7007E3202 /* Release */,
			);
			defaultConfigurationIsVisible = 0;
			defaultConfigurationName = Release;
		};
		66EBF11B23D73DA7007E3202 /* Build configuration list for PBXNativeTarget "TechNewsTests" */ = {
			isa = XCConfigurationList;
			buildConfigurations = (
				66EBF11C23D73DA7007E3202 /* Debug */,
				66EBF11D23D73DA7007E3202 /* Release */,
			);
			defaultConfigurationIsVisible = 0;
			defaultConfigurationName = Release;
		};
/* End XCConfigurationList section */

/* Begin XCRemoteSwiftPackageReference section */
		6670B27923E86272003E383F /* XCRemoteSwiftPackageReference "Alamofire" */ = {
			isa = XCRemoteSwiftPackageReference;
			repositoryURL = "https://github.com/Alamofire/Alamofire.git";
			requirement = {
				kind = upToNextMajorVersion;
				minimumVersion = 4.9.1;
			};
		};
		6670B27C23E8658E003E383F /* XCRemoteSwiftPackageReference "Kingfisher" */ = {
			isa = XCRemoteSwiftPackageReference;
			repositoryURL = "https://github.com/onevcat/Kingfisher.git";
			requirement = {
				kind = upToNextMajorVersion;
				minimumVersion = 5.13.0;
			};
		};
		66FF102B23FAF17200F11397 /* XCRemoteSwiftPackageReference "SwiftUIRefresh" */ = {
			isa = XCRemoteSwiftPackageReference;
			repositoryURL = "https://github.com/siteline/SwiftUIRefresh.git";
			requirement = {
				kind = upToNextMajorVersion;
				minimumVersion = 0.0.2;
			};
		};
/* End XCRemoteSwiftPackageReference section */

/* Begin XCSwiftPackageProductDependency section */
		6670B27A23E86272003E383F /* Alamofire */ = {
			isa = XCSwiftPackageProductDependency;
			package = 6670B27923E86272003E383F /* XCRemoteSwiftPackageReference "Alamofire" */;
			productName = Alamofire;
		};
		6670B27D23E8658F003E383F /* KingfisherSwiftUI */ = {
			isa = XCSwiftPackageProductDependency;
			package = 6670B27C23E8658E003E383F /* XCRemoteSwiftPackageReference "Kingfisher" */;
			productName = KingfisherSwiftUI;
		};
		66FF102C23FAF17200F11397 /* SwiftUIRefresh */ = {
			isa = XCSwiftPackageProductDependency;
			package = 66FF102B23FAF17200F11397 /* XCRemoteSwiftPackageReference "SwiftUIRefresh" */;
			productName = SwiftUIRefresh;
		};
/* End XCSwiftPackageProductDependency section */
	};
	rootObject = 66EBF0F123D73DA1007E3202 /* Project object */;
}
